
Microsoft Visual Studio Solution File, Format Version 12.00
# Visual Studio Version 17
VisualStudioVersion = 17.14.36327.8 d17.14
MinimumVisualStudioVersion = 10.0.40219.1
Project("{FAE04EC0-301F-11D3-BF4B-00C04F79EFBC}") = "Techno_Store", "Techno_Store.csproj", "{149DD328-B7B7-4FC4-99DA-841B73ECD957}"
EndProject
Global
	GlobalSection(SolutionConfigurationPlatforms) = preSolution
		Debug|Any CPU = Debug|Any CPU
		Release|Any CPU = Release|Any CPU
	EndGlobalSection
	GlobalSection(ProjectConfigurationPlatforms) = postSolution
		{149DD328-B7B7-4FC4-99DA-841B73ECD957}.Debug|Any CPU.ActiveCfg = Debug|Any CPU
		{149DD328-B7B7-4FC4-99DA-841B73ECD957}.Debug|Any CPU.Build.0 = Debug|Any CPU
		{149DD328-B7B7-4FC4-99DA-841B73ECD957}.Release|Any CPU.ActiveCfg = Release|Any CPU
		{149DD328-B7B7-4FC4-99DA-841B73ECD957}.Release|Any CPU.Build.0 = Release|Any CPU
	EndGlobalSection
	GlobalSection(SolutionProperties) = preSolution
		HideSolutionNode = FALSE
	EndGlobalSection
	GlobalSection(ExtensibilityGlobals) = postSolution
		SolutionGuid = {F9A45B6C-62D6-45CB-8B52-1D9162669920}
	EndGlobalSection
EndGlobal
